
Microsoft Visual Studio Solution File, Format Version 12.00
# Visual Studio Version 17
VisualStudioVersion = 17.6.33712.159
MinimumVisualStudioVersion = 10.0.40219.1
Project("{FAE04EC0-301F-11D3-BF4B-00C04F79EFBC}") = "MDASTDotNet", "MDASTDotNet\MDASTDotNet.csproj", "{2A8FB503-081D-40BF-9F14-6F00F0582B0E}"
EndProject
Global
	GlobalSection(SolutionConfigurationPlatforms) = preSolution
		Debug|Any CPU = Debug|Any CPU
		Release|Any CPU = Release|Any CPU
	EndGlobalSection
	GlobalSection(ProjectConfigurationPlatforms) = postSolution
		{2A8FB503-081D-40BF-9F14-6F00F0582B0E}.Debug|Any CPU.ActiveCfg = Debug|Any CPU
		{2A8FB503-081D-40BF-9F14-6F00F0582B0E}.Debug|Any CPU.Build.0 = Debug|Any CPU
		{2A8FB503-081D-40BF-9F14-6F00F0582B0E}.Release|Any CPU.ActiveCfg = Release|Any CPU
		{2A8FB503-081D-40BF-9F14-6F00F0582B0E}.Release|Any CPU.Build.0 = Release|Any CPU
	EndGlobalSection
	GlobalSection(SolutionProperties) = preSolution
		HideSolutionNode = FALSE
	EndGlobalSection
	GlobalSection(ExtensibilityGlobals) = postSolution
		SolutionGuid = {C3708BB4-C8B5-45F8-A249-652532B9DDB8}
	EndGlobalSection
EndGlobal
